
Microsoft Visual Studio Solution File, Format Version 10.00
# Visual Studio 2008
Project("{F184B08F-C81C-45F6-A57F-5ABD9991F28F}") = "bezvozmezdno", "bezvozmezdno.vbproj", "{494B806A-2CFD-4CB3-A4FF-A700046FBE09}"
EndProject
Global
	GlobalSection(SolutionConfigurationPlatforms) = preSolution
		Debug|x86 = Debug|x86
		Release|x86 = Release|x86
	EndGlobalSection
	GlobalSection(ProjectConfigurationPlatforms) = postSolution
		{494B806A-2CFD-4CB3-A4FF-A700046FBE09}.Debug|x86.ActiveCfg = Debug|x86
		{494B806A-2CFD-4CB3-A4FF-A700046FBE09}.Debug|x86.Build.0 = Debug|x86
		{494B806A-2CFD-4CB3-A4FF-A700046FBE09}.Release|x86.ActiveCfg = Release|x86
		{494B806A-2CFD-4CB3-A4FF-A700046FBE09}.Release|x86.Build.0 = Release|x86
	EndGlobalSection
	GlobalSection(SolutionProperties) = preSolution
		HideSolutionNode = FALSE
	EndGlobalSection
EndGlobal
