
Microsoft Visual Studio Solution File, Format Version 12.00
# Visual Studio 15
VisualStudioVersion = 15.0.28307.1082
MinimumVisualStudioVersion = 10.0.40219.1
Project("{FAE04EC0-301F-11D3-BF4B-00C04F79EFBC}") = "ListenCursor", "ListenCursor\ListenCursor.csproj", "{DB8EBA98-F526-4322-9D3F-F37E7869496F}"
EndProject
Global
	GlobalSection(SolutionConfigurationPlatforms) = preSolution
		Debug|Any CPU = Debug|Any CPU
		Release|Any CPU = Release|Any CPU
	EndGlobalSection
	GlobalSection(ProjectConfigurationPlatforms) = postSolution
		{DB8EBA98-F526-4322-9D3F-F37E7869496F}.Debug|Any CPU.ActiveCfg = Debug|Any CPU
		{DB8EBA98-F526-4322-9D3F-F37E7869496F}.Debug|Any CPU.Build.0 = Debug|Any CPU
		{DB8EBA98-F526-4322-9D3F-F37E7869496F}.Release|Any CPU.ActiveCfg = Release|Any CPU
		{DB8EBA98-F526-4322-9D3F-F37E7869496F}.Release|Any CPU.Build.0 = Release|Any CPU
	EndGlobalSection
	GlobalSection(SolutionProperties) = preSolution
		HideSolutionNode = FALSE
	EndGlobalSection
	GlobalSection(ExtensibilityGlobals) = postSolution
		SolutionGuid = {54C906D0-AFE2-4DD1-9F08-A37253A592DE}
	EndGlobalSection
EndGlobal
