
Microsoft Visual Studio Solution File, Format Version 11.00
# Visual Studio 2010
Project("{FAE04EC0-301F-11D3-BF4B-00C04F79EFBC}") = "ExcelAddIn1", "ExcelAddIn1\ExcelAddIn1.csproj", "{89303963-CA23-4F2F-811D-7EE33F1E9C24}"
EndProject
Global
	GlobalSection(SolutionConfigurationPlatforms) = preSolution
		Debug|Any CPU = Debug|Any CPU
		Release|Any CPU = Release|Any CPU
	EndGlobalSection
	GlobalSection(ProjectConfigurationPlatforms) = postSolution
		{89303963-CA23-4F2F-811D-7EE33F1E9C24}.Debug|Any CPU.ActiveCfg = Debug|Any CPU
		{89303963-CA23-4F2F-811D-7EE33F1E9C24}.Debug|Any CPU.Build.0 = Debug|Any CPU
		{89303963-CA23-4F2F-811D-7EE33F1E9C24}.Release|Any CPU.ActiveCfg = Release|Any CPU
		{89303963-CA23-4F2F-811D-7EE33F1E9C24}.Release|Any CPU.Build.0 = Release|Any CPU
	EndGlobalSection
	GlobalSection(SolutionProperties) = preSolution
		HideSolutionNode = FALSE
	EndGlobalSection
EndGlobal
