
Microsoft Visual Studio Solution File, Format Version 12.00
# Visual Studio Version 16
VisualStudioVersion = 16.0.33927.289
MinimumVisualStudioVersion = 10.0.40219.1
Project("{FAE04EC0-301F-11D3-BF4B-00C04F79EFBC}") = "clock_2_10", "clock_2_10\clock_2_10.csproj", "{DAFD012E-9817-4EAD-8C9E-66DECB27FECC}"
EndProject
Global
	GlobalSection(SolutionConfigurationPlatforms) = preSolution
		Debug|x86 = Debug|x86
		Release|x86 = Release|x86
	EndGlobalSection
	GlobalSection(ProjectConfigurationPlatforms) = postSolution
		{DAFD012E-9817-4EAD-8C9E-66DECB27FECC}.Debug|x86.ActiveCfg = Debug|x86
		{DAFD012E-9817-4EAD-8C9E-66DECB27FECC}.Debug|x86.Build.0 = Debug|x86
		{DAFD012E-9817-4EAD-8C9E-66DECB27FECC}.Release|x86.ActiveCfg = Release|x86
		{DAFD012E-9817-4EAD-8C9E-66DECB27FECC}.Release|x86.Build.0 = Release|x86
	EndGlobalSection
	GlobalSection(SolutionProperties) = preSolution
		HideSolutionNode = FALSE
	EndGlobalSection
	GlobalSection(ExtensibilityGlobals) = postSolution
		SolutionGuid = {667A1781-2362-4AB7-86AF-B93B50AE1B08}
	EndGlobalSection
EndGlobal
