
Microsoft Visual Studio Solution File, Format Version 12.00
# Visual Studio 2013
VisualStudioVersion = 12.0.21005.1
MinimumVisualStudioVersion = 10.0.40219.1
Project("{FAE04EC0-301F-11D3-BF4B-00C04F79EFBC}") = "WindowsFormsApplication1", "WindowsFormsApplication1\WindowsFormsApplication1.csproj", "{F3EB8719-BFAF-4CE6-BFCF-88070B0D9F68}"
EndProject
Project("{FAE04EC0-301F-11D3-BF4B-00C04F79EFBC}") = "WindowsFormsApplication2", "WindowsFormsApplication2\WindowsFormsApplication2.csproj", "{A54541FC-EF68-4674-B8BD-46AE5D7CEAA2}"
EndProject
Global
	GlobalSection(SolutionConfigurationPlatforms) = preSolution
		Debug|Any CPU = Debug|Any CPU
		Release|Any CPU = Release|Any CPU
	EndGlobalSection
	GlobalSection(ProjectConfigurationPlatforms) = postSolution
		{F3EB8719-BFAF-4CE6-BFCF-88070B0D9F68}.Debug|Any CPU.ActiveCfg = Debug|Any CPU
		{F3EB8719-BFAF-4CE6-BFCF-88070B0D9F68}.Debug|Any CPU.Build.0 = Debug|Any CPU
		{F3EB8719-BFAF-4CE6-BFCF-88070B0D9F68}.Release|Any CPU.ActiveCfg = Release|Any CPU
		{F3EB8719-BFAF-4CE6-BFCF-88070B0D9F68}.Release|Any CPU.Build.0 = Release|Any CPU
		{A54541FC-EF68-4674-B8BD-46AE5D7CEAA2}.Debug|Any CPU.ActiveCfg = Debug|Any CPU
		{A54541FC-EF68-4674-B8BD-46AE5D7CEAA2}.Debug|Any CPU.Build.0 = Debug|Any CPU
		{A54541FC-EF68-4674-B8BD-46AE5D7CEAA2}.Release|Any CPU.ActiveCfg = Release|Any CPU
		{A54541FC-EF68-4674-B8BD-46AE5D7CEAA2}.Release|Any CPU.Build.0 = Release|Any CPU
	EndGlobalSection
	GlobalSection(SolutionProperties) = preSolution
		HideSolutionNode = FALSE
	EndGlobalSection
EndGlobal
