
Microsoft Visual Studio Solution File, Format Version 12.00
# Visual Studio 2013
VisualStudioVersion = 12.0.21005.1
MinimumVisualStudioVersion = 10.0.40219.1
Project("{FAE04EC0-301F-11D3-BF4B-00C04F79EFBC}") = "Demo", "Demo\Demo.csproj", "{E870E25E-9428-48A5-9A89-DF685D98BCD9}"
EndProject
Project("{FAE04EC0-301F-11D3-BF4B-00C04F79EFBC}") = "Chart", "Chart\Chart.csproj", "{E677CB46-D48D-46B0-A7D8-AB9EE01FCAB6}"
EndProject
Global
	GlobalSection(SolutionConfigurationPlatforms) = preSolution
		Debug|Any CPU = Debug|Any CPU
		Release|Any CPU = Release|Any CPU
	EndGlobalSection
	GlobalSection(ProjectConfigurationPlatforms) = postSolution
		{E870E25E-9428-48A5-9A89-DF685D98BCD9}.Debug|Any CPU.ActiveCfg = Debug|Any CPU
		{E870E25E-9428-48A5-9A89-DF685D98BCD9}.Debug|Any CPU.Build.0 = Debug|Any CPU
		{E870E25E-9428-48A5-9A89-DF685D98BCD9}.Release|Any CPU.ActiveCfg = Release|Any CPU
		{E870E25E-9428-48A5-9A89-DF685D98BCD9}.Release|Any CPU.Build.0 = Release|Any CPU
		{E677CB46-D48D-46B0-A7D8-AB9EE01FCAB6}.Debug|Any CPU.ActiveCfg = Debug|Any CPU
		{E677CB46-D48D-46B0-A7D8-AB9EE01FCAB6}.Debug|Any CPU.Build.0 = Debug|Any CPU
		{E677CB46-D48D-46B0-A7D8-AB9EE01FCAB6}.Release|Any CPU.ActiveCfg = Release|Any CPU
		{E677CB46-D48D-46B0-A7D8-AB9EE01FCAB6}.Release|Any CPU.Build.0 = Release|Any CPU
	EndGlobalSection
	GlobalSection(SolutionProperties) = preSolution
		HideSolutionNode = FALSE
	EndGlobalSection
EndGlobal
