
Microsoft Visual Studio Solution File, Format Version 12.00
# Visual Studio 15
VisualStudioVersion = 15.0.28307.1082
MinimumVisualStudioVersion = 10.0.40219.1
Project("{FAE04EC0-301F-11D3-BF4B-00C04F79EFBC}") = "WPF_ScreenSaver", "WPF_ScreenSaver\WPF_ScreenSaver.csproj", "{A427D461-8BB4-405E-9A07-F46640CD6681}"
EndProject
Global
	GlobalSection(SolutionConfigurationPlatforms) = preSolution
		Debug|Any CPU = Debug|Any CPU
		Release|Any CPU = Release|Any CPU
	EndGlobalSection
	GlobalSection(ProjectConfigurationPlatforms) = postSolution
		{A427D461-8BB4-405E-9A07-F46640CD6681}.Debug|Any CPU.ActiveCfg = Debug|Any CPU
		{A427D461-8BB4-405E-9A07-F46640CD6681}.Debug|Any CPU.Build.0 = Debug|Any CPU
		{A427D461-8BB4-405E-9A07-F46640CD6681}.Release|Any CPU.ActiveCfg = Release|Any CPU
		{A427D461-8BB4-405E-9A07-F46640CD6681}.Release|Any CPU.Build.0 = Release|Any CPU
	EndGlobalSection
	GlobalSection(SolutionProperties) = preSolution
		HideSolutionNode = FALSE
	EndGlobalSection
	GlobalSection(ExtensibilityGlobals) = postSolution
		SolutionGuid = {7910E631-FB0F-47D0-A14D-B62D99FFE4C9}
	EndGlobalSection
EndGlobal
