
Microsoft Visual Studio Solution File, Format Version 12.00
# Visual Studio 15
VisualStudioVersion = 15.0.27130.2024
MinimumVisualStudioVersion = 10.0.40219.1
Project("{2150E333-8FDC-42A3-9474-1A3956D46DE8}") = "Common", "Common", "{86B236E6-A639-4B97-81A3-E4D08E3EB94D}"
EndProject
Project("{FAE04EC0-301F-11D3-BF4B-00C04F79EFBC}") = "RenderingCommon", "RenderingCommon\RenderingCommon.csproj", "{4B382D4E-4CAF-4DCE-9B27-7EE20C8427AD}"
EndProject
Project("{FAE04EC0-301F-11D3-BF4B-00C04F79EFBC}") = "RenderApp", "RenderApp\RenderApp.csproj", "{834B5456-AA62-425E-9A8E-7D0DFAD64482}"
EndProject
Project("{FAE04EC0-301F-11D3-BF4B-00C04F79EFBC}") = "VideoGenerator", "VideoGenerator\VideoGenerator.csproj", "{3D48A664-1983-4C7D-99ED-23572EEE9A92}"
EndProject
Global
	GlobalSection(SolutionConfigurationPlatforms) = preSolution
		Debug|Any CPU = Debug|Any CPU
		Release|Any CPU = Release|Any CPU
	EndGlobalSection
	GlobalSection(ProjectConfigurationPlatforms) = postSolution
		{4B382D4E-4CAF-4DCE-9B27-7EE20C8427AD}.Debug|Any CPU.ActiveCfg = Debug|Any CPU
		{4B382D4E-4CAF-4DCE-9B27-7EE20C8427AD}.Debug|Any CPU.Build.0 = Debug|Any CPU
		{4B382D4E-4CAF-4DCE-9B27-7EE20C8427AD}.Release|Any CPU.ActiveCfg = Release|Any CPU
		{4B382D4E-4CAF-4DCE-9B27-7EE20C8427AD}.Release|Any CPU.Build.0 = Release|Any CPU
		{834B5456-AA62-425E-9A8E-7D0DFAD64482}.Debug|Any CPU.ActiveCfg = Debug|Any CPU
		{834B5456-AA62-425E-9A8E-7D0DFAD64482}.Debug|Any CPU.Build.0 = Debug|Any CPU
		{834B5456-AA62-425E-9A8E-7D0DFAD64482}.Release|Any CPU.ActiveCfg = Release|Any CPU
		{834B5456-AA62-425E-9A8E-7D0DFAD64482}.Release|Any CPU.Build.0 = Release|Any CPU
		{3D48A664-1983-4C7D-99ED-23572EEE9A92}.Debug|Any CPU.ActiveCfg = Debug|Any CPU
		{3D48A664-1983-4C7D-99ED-23572EEE9A92}.Debug|Any CPU.Build.0 = Debug|Any CPU
		{3D48A664-1983-4C7D-99ED-23572EEE9A92}.Release|Any CPU.ActiveCfg = Release|Any CPU
		{3D48A664-1983-4C7D-99ED-23572EEE9A92}.Release|Any CPU.Build.0 = Release|Any CPU
	EndGlobalSection
	GlobalSection(SolutionProperties) = preSolution
		HideSolutionNode = FALSE
	EndGlobalSection
	GlobalSection(NestedProjects) = preSolution
		{4B382D4E-4CAF-4DCE-9B27-7EE20C8427AD} = {86B236E6-A639-4B97-81A3-E4D08E3EB94D}
	EndGlobalSection
	GlobalSection(ExtensibilityGlobals) = postSolution
		SolutionGuid = {B2E90D55-26AD-4251-9D55-852BFA8FC45E}
	EndGlobalSection
EndGlobal
