
Microsoft Visual Studio Solution File, Format Version 11.00
# Visual Studio 2010
Project("{8BC9CEB8-8B4A-11D0-8D11-00A0C91BC942}") = "2222222222222222", "2222222222222222\2222222222222222.vcxproj", "{9EFA892E-4525-4430-BD72-EFE815868BDE}"
EndProject
Global
	GlobalSection(SolutionConfigurationPlatforms) = preSolution
		Debug|Win32 = Debug|Win32
		Release|Win32 = Release|Win32
	EndGlobalSection
	GlobalSection(ProjectConfigurationPlatforms) = postSolution
		{9EFA892E-4525-4430-BD72-EFE815868BDE}.Debug|Win32.ActiveCfg = Debug|Win32
		{9EFA892E-4525-4430-BD72-EFE815868BDE}.Debug|Win32.Build.0 = Debug|Win32
		{9EFA892E-4525-4430-BD72-EFE815868BDE}.Release|Win32.ActiveCfg = Release|Win32
		{9EFA892E-4525-4430-BD72-EFE815868BDE}.Release|Win32.Build.0 = Release|Win32
	EndGlobalSection
	GlobalSection(SolutionProperties) = preSolution
		HideSolutionNode = FALSE
	EndGlobalSection
EndGlobal
