
Microsoft Visual Studio Solution File, Format Version 12.00
# Visual Studio 15
VisualStudioVersion = 15.0.28307.539
MinimumVisualStudioVersion = 10.0.40219.1
Project("{FAE04EC0-301F-11D3-BF4B-00C04F79EFBC}") = "Photos", "Photos\Photos.csproj", "{F66C28F9-ADC1-4285-B605-D4AEC8F7168A}"
EndProject
Global
	GlobalSection(SolutionConfigurationPlatforms) = preSolution
		Debug|Any CPU = Debug|Any CPU
		Release|Any CPU = Release|Any CPU
	EndGlobalSection
	GlobalSection(ProjectConfigurationPlatforms) = postSolution
		{F66C28F9-ADC1-4285-B605-D4AEC8F7168A}.Debug|Any CPU.ActiveCfg = Debug|Any CPU
		{F66C28F9-ADC1-4285-B605-D4AEC8F7168A}.Debug|Any CPU.Build.0 = Debug|Any CPU
		{F66C28F9-ADC1-4285-B605-D4AEC8F7168A}.Release|Any CPU.ActiveCfg = Release|Any CPU
		{F66C28F9-ADC1-4285-B605-D4AEC8F7168A}.Release|Any CPU.Build.0 = Release|Any CPU
	EndGlobalSection
	GlobalSection(SolutionProperties) = preSolution
		HideSolutionNode = FALSE
	EndGlobalSection
	GlobalSection(ExtensibilityGlobals) = postSolution
		SolutionGuid = {E101C9B5-2013-4A12-A13E-6F49F315010D}
	EndGlobalSection
EndGlobal
