
Microsoft Visual Studio Solution File, Format Version 12.00
# Visual Studio 2013
VisualStudioVersion = 12.0.30723.0
MinimumVisualStudioVersion = 10.0.40219.1
Project("{FAE04EC0-301F-11D3-BF4B-00C04F79EFBC}") = "MacrosLibrary", "..\MacrosLibrary\MacrosLibrary\MacrosLibrary.csproj", "{A9DAD0D3-249B-4109-89F3-AEC2B68CCAF1}"
EndProject
Project("{FAE04EC0-301F-11D3-BF4B-00C04F79EFBC}") = "Tolkit", "Tolkit\Tolkit.csproj", "{A063BECF-191D-4635-971F-CD4A901ECC29}"
EndProject
Global
	GlobalSection(SolutionConfigurationPlatforms) = preSolution
		Debug|Any CPU = Debug|Any CPU
		Release|Any CPU = Release|Any CPU
	EndGlobalSection
	GlobalSection(ProjectConfigurationPlatforms) = postSolution
		{A9DAD0D3-249B-4109-89F3-AEC2B68CCAF1}.Debug|Any CPU.ActiveCfg = Debug|Any CPU
		{A9DAD0D3-249B-4109-89F3-AEC2B68CCAF1}.Debug|Any CPU.Build.0 = Debug|Any CPU
		{A9DAD0D3-249B-4109-89F3-AEC2B68CCAF1}.Release|Any CPU.ActiveCfg = Release|Any CPU
		{A9DAD0D3-249B-4109-89F3-AEC2B68CCAF1}.Release|Any CPU.Build.0 = Release|Any CPU
		{A063BECF-191D-4635-971F-CD4A901ECC29}.Debug|Any CPU.ActiveCfg = Debug|Any CPU
		{A063BECF-191D-4635-971F-CD4A901ECC29}.Debug|Any CPU.Build.0 = Debug|Any CPU
		{A063BECF-191D-4635-971F-CD4A901ECC29}.Release|Any CPU.ActiveCfg = Release|Any CPU
		{A063BECF-191D-4635-971F-CD4A901ECC29}.Release|Any CPU.Build.0 = Release|Any CPU
	EndGlobalSection
	GlobalSection(SolutionProperties) = preSolution
		HideSolutionNode = FALSE
	EndGlobalSection
EndGlobal
