
Microsoft Visual Studio Solution File, Format Version 12.00
# Visual Studio Version 17
VisualStudioVersion = 17.7.34031.279
MinimumVisualStudioVersion = 10.0.40219.1
Project("{FAE04EC0-301F-11D3-BF4B-00C04F79EFBC}") = "MvcMovie", "MvcMovie\MvcMovie.csproj", "{753B82F6-4834-4AA2-9324-356FAD4DEAB0}"
EndProject
Global
	GlobalSection(SolutionConfigurationPlatforms) = preSolution
		Debug|Any CPU = Debug|Any CPU
		Release|Any CPU = Release|Any CPU
	EndGlobalSection
	GlobalSection(ProjectConfigurationPlatforms) = postSolution
		{753B82F6-4834-4AA2-9324-356FAD4DEAB0}.Debug|Any CPU.ActiveCfg = Debug|Any CPU
		{753B82F6-4834-4AA2-9324-356FAD4DEAB0}.Debug|Any CPU.Build.0 = Debug|Any CPU
		{753B82F6-4834-4AA2-9324-356FAD4DEAB0}.Release|Any CPU.ActiveCfg = Release|Any CPU
		{753B82F6-4834-4AA2-9324-356FAD4DEAB0}.Release|Any CPU.Build.0 = Release|Any CPU
	EndGlobalSection
	GlobalSection(SolutionProperties) = preSolution
		HideSolutionNode = FALSE
	EndGlobalSection
	GlobalSection(ExtensibilityGlobals) = postSolution
		SolutionGuid = {19082ED1-CAEC-4AC3-8A1A-A15D66EF666D}
	EndGlobalSection
EndGlobal
