
Microsoft Visual Studio Solution File, Format Version 10.00
# Visual Studio 2008
Project("{F184B08F-C81C-45F6-A57F-5ABD9991F28F}") = "timer", "timer\timer.vbproj", "{C4C7C8EE-1273-495E-B2CD-C5D7471AE8FE}"
EndProject
Global
	GlobalSection(SolutionConfigurationPlatforms) = preSolution
		Debug|Any CPU = Debug|Any CPU
		Release|Any CPU = Release|Any CPU
	EndGlobalSection
	GlobalSection(ProjectConfigurationPlatforms) = postSolution
		{C4C7C8EE-1273-495E-B2CD-C5D7471AE8FE}.Debug|Any CPU.ActiveCfg = Debug|Any CPU
		{C4C7C8EE-1273-495E-B2CD-C5D7471AE8FE}.Debug|Any CPU.Build.0 = Debug|Any CPU
		{C4C7C8EE-1273-495E-B2CD-C5D7471AE8FE}.Release|Any CPU.ActiveCfg = Release|Any CPU
		{C4C7C8EE-1273-495E-B2CD-C5D7471AE8FE}.Release|Any CPU.Build.0 = Release|Any CPU
	EndGlobalSection
	GlobalSection(SolutionProperties) = preSolution
		HideSolutionNode = FALSE
	EndGlobalSection
EndGlobal
