
Microsoft Visual Studio Solution File, Format Version 11.00
# Visual Studio 2010
Project("{8BC9CEB8-8B4A-11D0-8D11-00A0C91BC942}") = "opengl_3d", "opengl_3d\opengl_3d.vcxproj", "{A0DC7AA3-1B70-46D3-99D1-30A1AE050489}"
EndProject
Global
	GlobalSection(SolutionConfigurationPlatforms) = preSolution
		Debug|Win32 = Debug|Win32
		Release|Win32 = Release|Win32
	EndGlobalSection
	GlobalSection(ProjectConfigurationPlatforms) = postSolution
		{A0DC7AA3-1B70-46D3-99D1-30A1AE050489}.Debug|Win32.ActiveCfg = Debug|Win32
		{A0DC7AA3-1B70-46D3-99D1-30A1AE050489}.Debug|Win32.Build.0 = Debug|Win32
		{A0DC7AA3-1B70-46D3-99D1-30A1AE050489}.Release|Win32.ActiveCfg = Release|Win32
		{A0DC7AA3-1B70-46D3-99D1-30A1AE050489}.Release|Win32.Build.0 = Release|Win32
	EndGlobalSection
	GlobalSection(SolutionProperties) = preSolution
		HideSolutionNode = FALSE
	EndGlobalSection
EndGlobal
