
Microsoft Visual Studio Solution File, Format Version 11.00
# Visual Studio 2010
Project("{FAE04EC0-301F-11D3-BF4B-00C04F79EFBC}") = "DXApplication2", "DXApplication2\DXApplication2.csproj", "{74721701-0DDD-4A7F-9574-939597C43161}"
EndProject
Global
	GlobalSection(SolutionConfigurationPlatforms) = preSolution
		Debug|Any CPU = Debug|Any CPU
		Release|Any CPU = Release|Any CPU
	EndGlobalSection
	GlobalSection(ProjectConfigurationPlatforms) = postSolution
		{74721701-0DDD-4A7F-9574-939597C43161}.Debug|Any CPU.ActiveCfg = Debug|Any CPU
		{74721701-0DDD-4A7F-9574-939597C43161}.Debug|Any CPU.Build.0 = Debug|Any CPU
		{74721701-0DDD-4A7F-9574-939597C43161}.Release|Any CPU.ActiveCfg = Release|Any CPU
		{74721701-0DDD-4A7F-9574-939597C43161}.Release|Any CPU.Build.0 = Release|Any CPU
	EndGlobalSection
	GlobalSection(SolutionProperties) = preSolution
		HideSolutionNode = FALSE
	EndGlobalSection
EndGlobal
